// !$*UTF8*$!
{
	archiveVersion = 1;
	classes = {
	};
	objectVersion = 48;
	objects = {

/* Begin PBXBuildFile section */
		3E04E4242026041300804B49 /* UITableViewCell.swift in Sources */ = {isa = PBXBuildFile; fileRef = 3E04E4232026041300804B49 /* UITableViewCell.swift */; };
		3E04E426202604A900804B49 /* UICollectionViewCell.swift in Sources */ = {isa = PBXBuildFile; fileRef = 3E04E425202604A900804B49 /* UICollectionViewCell.swift */; };
		3E1553632002688A007BD985 /* AuthInitialViewController.swift in Sources */ = {isa = PBXBuildFile; fileRef = 3E1553622002688A007BD985 /* AuthInitialViewController.swift */; };
		3E15536520027082007BD985 /* AuthSignInViewController.swift in Sources */ = {isa = PBXBuildFile; fileRef = 3E15536420027082007BD985 /* AuthSignInViewController.swift */; };
		3E15536720027089007BD985 /* AuthSignUpViewController.swift in Sources */ = {isa = PBXBuildFile; fileRef = 3E15536620027089007BD985 /* AuthSignUpViewController.swift */; };
		3E2090172003BBE00062BA7C /* Create Room.storyboard in Resources */ = {isa = PBXBuildFile; fileRef = 3E2090162003BBE00062BA7C /* Create Room.storyboard */; };
		3E20901E2003CE650062BA7C /* User.swift in Sources */ = {isa = PBXBuildFile; fileRef = 3E20901D2003CE650062BA7C /* User.swift */; };
		3E2090202003D2060062BA7C /* ListUserViewController.swift in Sources */ = {isa = PBXBuildFile; fileRef = 3E20901F2003D2060062BA7C /* ListUserViewController.swift */; };
		3E2090232003D4660062BA7C /* UserCell.swift in Sources */ = {isa = PBXBuildFile; fileRef = 3E2090212003D4660062BA7C /* UserCell.swift */; };
		3E2090242003D4660062BA7C /* UserCell.xib in Resources */ = {isa = PBXBuildFile; fileRef = 3E2090222003D4660062BA7C /* UserCell.xib */; };
		3E2090262003D7EA0062BA7C /* UINavigationController.swift in Sources */ = {isa = PBXBuildFile; fileRef = 3E2090252003D7EA0062BA7C /* UINavigationController.swift */; };
		3E2499302009D1920058639B /* AuthNavigationController.swift in Sources */ = {isa = PBXBuildFile; fileRef = 3E24992F2009D1920058639B /* AuthNavigationController.swift */; };
		3E3487EC1FFFDBD1009ED2E0 /* AppDelegate.swift in Sources */ = {isa = PBXBuildFile; fileRef = 3E3487EB1FFFDBD1009ED2E0 /* AppDelegate.swift */; };
		3E3487F11FFFDBD1009ED2E0 /* Main.storyboard in Resources */ = {isa = PBXBuildFile; fileRef = 3E3487EF1FFFDBD1009ED2E0 /* Main.storyboard */; };
		3E3487F31FFFDBD1009ED2E0 /* Assets.xcassets in Resources */ = {isa = PBXBuildFile; fileRef = 3E3487F21FFFDBD1009ED2E0 /* Assets.xcassets */; };
		3E3487F61FFFDBD1009ED2E0 /* LaunchScreen.storyboard in Resources */ = {isa = PBXBuildFile; fileRef = 3E3487F41FFFDBD1009ED2E0 /* LaunchScreen.storyboard */; };
		3E36AEDE2017A7FC0083B45B /* Constant.swift in Sources */ = {isa = PBXBuildFile; fileRef = 3E36AEDD2017A7FC0083B45B /* Constant.swift */; };
		3E46DF05201B497D002962D7 /* RoomInviteUserViewController.swift in Sources */ = {isa = PBXBuildFile; fileRef = 3E46DF04201B497D002962D7 /* RoomInviteUserViewController.swift */; };
		3E6A22E720005DF0006A5607 /* Chat.storyboard in Resources */ = {isa = PBXBuildFile; fileRef = 3E6A22E620005DF0006A5607 /* Chat.storyboard */; };
		3E6A22E920005EA4006A5607 /* RoomListViewController.swift in Sources */ = {isa = PBXBuildFile; fileRef = 3E6A22E820005EA4006A5607 /* RoomListViewController.swift */; };
		3E6A22EC200064B4006A5607 /* Profile.storyboard in Resources */ = {isa = PBXBuildFile; fileRef = 3E6A22EB200064B4006A5607 /* Profile.storyboard */; };
		3E6A22EE200064BD006A5607 /* ProfileViewController.swift in Sources */ = {isa = PBXBuildFile; fileRef = 3E6A22ED200064BD006A5607 /* ProfileViewController.swift */; };
		3E6A22F1200065F0006A5607 /* Room.swift in Sources */ = {isa = PBXBuildFile; fileRef = 3E6A22F0200065F0006A5607 /* Room.swift */; };
		3E6A22FE200087BF006A5607 /* RoomCell.swift in Sources */ = {isa = PBXBuildFile; fileRef = 3E6A22FC200087BF006A5607 /* RoomCell.swift */; };
		3E6A22FF200087BF006A5607 /* RoomCell.xib in Resources */ = {isa = PBXBuildFile; fileRef = 3E6A22FD200087BF006A5607 /* RoomCell.xib */; };
		3E6A230120009652006A5607 /* RoomChatViewController.swift in Sources */ = {isa = PBXBuildFile; fileRef = 3E6A230020009652006A5607 /* RoomChatViewController.swift */; };
		3E987DC9201778030073069E /* UserSectionModel.swift in Sources */ = {isa = PBXBuildFile; fileRef = 3E987DC8201778030073069E /* UserSectionModel.swift */; };
		3EC902612003AC6700BEBA71 /* UIStoryboardSegue.swift in Sources */ = {isa = PBXBuildFile; fileRef = 3EC902602003AC6700BEBA71 /* UIStoryboardSegue.swift */; };
		3EDA595020127C1900D0F32B /* LocationViewer.swift in Sources */ = {isa = PBXBuildFile; fileRef = 3EDA594F20127C1900D0F32B /* LocationViewer.swift */; };
		3EDFE004201B5983006215E2 /* RoomDetailViewController.swift in Sources */ = {isa = PBXBuildFile; fileRef = 3EDFE003201B5983006215E2 /* RoomDetailViewController.swift */; };
		3EE3D7102000C34B00D77A8F /* UIViewController.swift in Sources */ = {isa = PBXBuildFile; fileRef = 3EE3D70F2000C34B00D77A8F /* UIViewController.swift */; };
		3EE3D7142000D29A00D77A8F /* FirebaseManager.swift in Sources */ = {isa = PBXBuildFile; fileRef = 3EE3D7132000D29A00D77A8F /* FirebaseManager.swift */; };
		3EE3D7162000D74200D77A8F /* BaseMappable.swift in Sources */ = {isa = PBXBuildFile; fileRef = 3EE3D7152000D74200D77A8F /* BaseMappable.swift */; };
		3EE3D71D20016E9E00D77A8F /* Auth.storyboard in Resources */ = {isa = PBXBuildFile; fileRef = 3EE3D71C20016E9E00D77A8F /* Auth.storyboard */; };
		3EE98595201321C60013D4F4 /* SelectedUserCell.swift in Sources */ = {isa = PBXBuildFile; fileRef = 3EE98593201321C60013D4F4 /* SelectedUserCell.swift */; };
		3EE98596201321C60013D4F4 /* SelectedUserCell.xib in Resources */ = {isa = PBXBuildFile; fileRef = 3EE98594201321C60013D4F4 /* SelectedUserCell.xib */; };
		3EF78FED200A5283008E1AEB /* UIImage.swift in Sources */ = {isa = PBXBuildFile; fileRef = 3EF78FEC200A5283008E1AEB /* UIImage.swift */; };
		3EF838FA200CEDAC008993A4 /* Chat.swift in Sources */ = {isa = PBXBuildFile; fileRef = 3EF838F9200CEDAC008993A4 /* Chat.swift */; };
		637E7180BDC86102AE6B222E /* Pods_IntraChat.framework in Frameworks */ = {isa = PBXBuildFile; fileRef = BA82AD96B3C1AB72EAD1BC42 /* Pods_IntraChat.framework */; };
		840E058520074D260084AB6F /* UIImageView.swift in Sources */ = {isa = PBXBuildFile; fileRef = 840E058420074D260084AB6F /* UIImageView.swift */; };
		841F762D200E10D900D5BDAD /* VideoManager.swift in Sources */ = {isa = PBXBuildFile; fileRef = 841F762C200E10D900D5BDAD /* VideoManager.swift */; };
		842A229D2004D109008AE4A4 /* Message.swift in Sources */ = {isa = PBXBuildFile; fileRef = 842A229C2004D109008AE4A4 /* Message.swift */; };
		842A229F2004D2EE008AE4A4 /* String.swift in Sources */ = {isa = PBXBuildFile; fileRef = 842A229E2004D2EE008AE4A4 /* String.swift */; };
		842A22A12004E867008AE4A4 /* NavigationController.swift in Sources */ = {isa = PBXBuildFile; fileRef = 842A22A02004E867008AE4A4 /* NavigationController.swift */; };
		8447F73F20061617002B9528 /* Notification.swift in Sources */ = {isa = PBXBuildFile; fileRef = 8447F73E20061617002B9528 /* Notification.swift */; };
		8451A0D62005CDE40097BED7 /* Transform.swift in Sources */ = {isa = PBXBuildFile; fileRef = 8451A0D52005CDE40097BED7 /* Transform.swift */; };
		8451A0D92005E5A60097BED7 /* GoogleService-Info.plist in Resources */ = {isa = PBXBuildFile; fileRef = 8451A0D82005E5A60097BED7 /* GoogleService-Info.plist */; };
		848FE20320045F3F0025B982 /* RoomInfoViewController.swift in Sources */ = {isa = PBXBuildFile; fileRef = 848FE20220045F3F0025B982 /* RoomInfoViewController.swift */; };
/* End PBXBuildFile section */

/* Begin PBXFileReference section */
		3E04E4232026041300804B49 /* UITableViewCell.swift */ = {isa = PBXFileReference; lastKnownFileType = sourcecode.swift; path = UITableViewCell.swift; sourceTree = "<group>"; };
		3E04E425202604A900804B49 /* UICollectionViewCell.swift */ = {isa = PBXFileReference; lastKnownFileType = sourcecode.swift; path = UICollectionViewCell.swift; sourceTree = "<group>"; };
		3E1553622002688A007BD985 /* AuthInitialViewController.swift */ = {isa = PBXFileReference; lastKnownFileType = sourcecode.swift; path = AuthInitialViewController.swift; sourceTree = "<group>"; };
		3E15536420027082007BD985 /* AuthSignInViewController.swift */ = {isa = PBXFileReference; lastKnownFileType = sourcecode.swift; path = AuthSignInViewController.swift; sourceTree = "<group>"; };
		3E15536620027089007BD985 /* AuthSignUpViewController.swift */ = {isa = PBXFileReference; lastKnownFileType = sourcecode.swift; path = AuthSignUpViewController.swift; sourceTree = "<group>"; };
		3E2090162003BBE00062BA7C /* Create Room.storyboard */ = {isa = PBXFileReference; lastKnownFileType = file.storyboard; path = "Create Room.storyboard"; sourceTree = "<group>"; };
		3E20901D2003CE650062BA7C /* User.swift */ = {isa = PBXFileReference; lastKnownFileType = sourcecode.swift; path = User.swift; sourceTree = "<group>"; };
		3E20901F2003D2060062BA7C /* ListUserViewController.swift */ = {isa = PBXFileReference; lastKnownFileType = sourcecode.swift; path = ListUserViewController.swift; sourceTree = "<group>"; };
		3E2090212003D4660062BA7C /* UserCell.swift */ = {isa = PBXFileReference; lastKnownFileType = sourcecode.swift; path = UserCell.swift; sourceTree = "<group>"; };
		3E2090222003D4660062BA7C /* UserCell.xib */ = {isa = PBXFileReference; lastKnownFileType = file.xib; path = UserCell.xib; sourceTree = "<group>"; };
		3E2090252003D7EA0062BA7C /* UINavigationController.swift */ = {isa = PBXFileReference; lastKnownFileType = sourcecode.swift; path = UINavigationController.swift; sourceTree = "<group>"; };
		3E24992F2009D1920058639B /* AuthNavigationController.swift */ = {isa = PBXFileReference; lastKnownFileType = sourcecode.swift; path = AuthNavigationController.swift; sourceTree = "<group>"; };
		3E3487E81FFFDBD1009ED2E0 /* IntraChat.app */ = {isa = PBXFileReference; explicitFileType = wrapper.application; includeInIndex = 0; path = IntraChat.app; sourceTree = BUILT_PRODUCTS_DIR; };
		3E3487EB1FFFDBD1009ED2E0 /* AppDelegate.swift */ = {isa = PBXFileReference; lastKnownFileType = sourcecode.swift; path = AppDelegate.swift; sourceTree = "<group>"; };
		3E3487F01FFFDBD1009ED2E0 /* Base */ = {isa = PBXFileReference; lastKnownFileType = file.storyboard; name = Base; path = Base.lproj/Main.storyboard; sourceTree = "<group>"; };
		3E3487F21FFFDBD1009ED2E0 /* Assets.xcassets */ = {isa = PBXFileReference; lastKnownFileType = folder.assetcatalog; path = Assets.xcassets; sourceTree = "<group>"; };
		3E3487F51FFFDBD1009ED2E0 /* Base */ = {isa = PBXFileReference; lastKnownFileType = file.storyboard; name = Base; path = Base.lproj/LaunchScreen.storyboard; sourceTree = "<group>"; };
		3E3487F71FFFDBD1009ED2E0 /* Info.plist */ = {isa = PBXFileReference; lastKnownFileType = text.plist.xml; path = Info.plist; sourceTree = "<group>"; };
		3E36AEDD2017A7FC0083B45B /* Constant.swift */ = {isa = PBXFileReference; lastKnownFileType = sourcecode.swift; path = Constant.swift; sourceTree = "<group>"; };
		3E46DF04201B497D002962D7 /* RoomInviteUserViewController.swift */ = {isa = PBXFileReference; lastKnownFileType = sourcecode.swift; path = RoomInviteUserViewController.swift; sourceTree = "<group>"; };
		3E6A22E620005DF0006A5607 /* Chat.storyboard */ = {isa = PBXFileReference; lastKnownFileType = file.storyboard; path = Chat.storyboard; sourceTree = "<group>"; };
		3E6A22E820005EA4006A5607 /* RoomListViewController.swift */ = {isa = PBXFileReference; lastKnownFileType = sourcecode.swift; path = RoomListViewController.swift; sourceTree = "<group>"; };
		3E6A22EB200064B4006A5607 /* Profile.storyboard */ = {isa = PBXFileReference; lastKnownFileType = file.storyboard; path = Profile.storyboard; sourceTree = "<group>"; };
		3E6A22ED200064BD006A5607 /* ProfileViewController.swift */ = {isa = PBXFileReference; lastKnownFileType = sourcecode.swift; path = ProfileViewController.swift; sourceTree = "<group>"; };
		3E6A22F0200065F0006A5607 /* Room.swift */ = {isa = PBXFileReference; lastKnownFileType = sourcecode.swift; path = Room.swift; sourceTree = "<group>"; };
		3E6A22FC200087BF006A5607 /* RoomCell.swift */ = {isa = PBXFileReference; lastKnownFileType = sourcecode.swift; path = RoomCell.swift; sourceTree = "<group>"; };
		3E6A22FD200087BF006A5607 /* RoomCell.xib */ = {isa = PBXFileReference; lastKnownFileType = file.xib; path = RoomCell.xib; sourceTree = "<group>"; };
		3E6A230020009652006A5607 /* RoomChatViewController.swift */ = {isa = PBXFileReference; lastKnownFileType = sourcecode.swift; path = RoomChatViewController.swift; sourceTree = "<group>"; };
		3E987DC8201778030073069E /* UserSectionModel.swift */ = {isa = PBXFileReference; lastKnownFileType = sourcecode.swift; path = UserSectionModel.swift; sourceTree = "<group>"; };
		3EC902602003AC6700BEBA71 /* UIStoryboardSegue.swift */ = {isa = PBXFileReference; lastKnownFileType = sourcecode.swift; path = UIStoryboardSegue.swift; sourceTree = "<group>"; };
		3EDA594F20127C1900D0F32B /* LocationViewer.swift */ = {isa = PBXFileReference; lastKnownFileType = sourcecode.swift; path = LocationViewer.swift; sourceTree = "<group>"; };
		3EDFE003201B5983006215E2 /* RoomDetailViewController.swift */ = {isa = PBXFileReference; lastKnownFileType = sourcecode.swift; path = RoomDetailViewController.swift; sourceTree = "<group>"; };
		3EE3D70F2000C34B00D77A8F /* UIViewController.swift */ = {isa = PBXFileReference; lastKnownFileType = sourcecode.swift; path = UIViewController.swift; sourceTree = "<group>"; };
		3EE3D7132000D29A00D77A8F /* FirebaseManager.swift */ = {isa = PBXFileReference; lastKnownFileType = sourcecode.swift; path = FirebaseManager.swift; sourceTree = "<group>"; };
		3EE3D7152000D74200D77A8F /* BaseMappable.swift */ = {isa = PBXFileReference; lastKnownFileType = sourcecode.swift; path = BaseMappable.swift; sourceTree = "<group>"; };
		3EE3D71C20016E9E00D77A8F /* Auth.storyboard */ = {isa = PBXFileReference; lastKnownFileType = file.storyboard; path = Auth.storyboard; sourceTree = "<group>"; };
		3EE98593201321C60013D4F4 /* SelectedUserCell.swift */ = {isa = PBXFileReference; lastKnownFileType = sourcecode.swift; path = SelectedUserCell.swift; sourceTree = "<group>"; };
		3EE98594201321C60013D4F4 /* SelectedUserCell.xib */ = {isa = PBXFileReference; lastKnownFileType = file.xib; path = SelectedUserCell.xib; sourceTree = "<group>"; };
		3EF78FEC200A5283008E1AEB /* UIImage.swift */ = {isa = PBXFileReference; lastKnownFileType = sourcecode.swift; path = UIImage.swift; sourceTree = "<group>"; };
		3EF838F9200CEDAC008993A4 /* Chat.swift */ = {isa = PBXFileReference; fileEncoding = 4; lastKnownFileType = sourcecode.swift; path = Chat.swift; sourceTree = "<group>"; };
		5A083870B1F176C7A0BAAC42 /* Pods-IntraChat.release.xcconfig */ = {isa = PBXFileReference; includeInIndex = 1; lastKnownFileType = text.xcconfig; name = "Pods-IntraChat.release.xcconfig"; path = "Pods/Target Support Files/Pods-IntraChat/Pods-IntraChat.release.xcconfig"; sourceTree = "<group>"; };
		840E058420074D260084AB6F /* UIImageView.swift */ = {isa = PBXFileReference; lastKnownFileType = sourcecode.swift; path = UIImageView.swift; sourceTree = "<group>"; };
		841F762C200E10D900D5BDAD /* VideoManager.swift */ = {isa = PBXFileReference; lastKnownFileType = sourcecode.swift; path = VideoManager.swift; sourceTree = "<group>"; };
		842A229C2004D109008AE4A4 /* Message.swift */ = {isa = PBXFileReference; lastKnownFileType = sourcecode.swift; path = Message.swift; sourceTree = "<group>"; };
		842A229E2004D2EE008AE4A4 /* String.swift */ = {isa = PBXFileReference; lastKnownFileType = sourcecode.swift; path = String.swift; sourceTree = "<group>"; };
		842A22A02004E867008AE4A4 /* NavigationController.swift */ = {isa = PBXFileReference; lastKnownFileType = sourcecode.swift; path = NavigationController.swift; sourceTree = "<group>"; };
		8447F73E20061617002B9528 /* Notification.swift */ = {isa = PBXFileReference; lastKnownFileType = sourcecode.swift; path = Notification.swift; sourceTree = "<group>"; };
		8451A0D52005CDE40097BED7 /* Transform.swift */ = {isa = PBXFileReference; lastKnownFileType = sourcecode.swift; path = Transform.swift; sourceTree = "<group>"; };
		8451A0D72005E4E20097BED7 /* IntraChat.entitlements */ = {isa = PBXFileReference; lastKnownFileType = text.plist.entitlements; path = IntraChat.entitlements; sourceTree = "<group>"; };
		8451A0D82005E5A60097BED7 /* GoogleService-Info.plist */ = {isa = PBXFileReference; fileEncoding = 4; lastKnownFileType = text.plist.xml; path = "GoogleService-Info.plist"; sourceTree = "<group>"; };
		848FE20220045F3F0025B982 /* RoomInfoViewController.swift */ = {isa = PBXFileReference; lastKnownFileType = sourcecode.swift; path = RoomInfoViewController.swift; sourceTree = "<group>"; };
		B5023256F62985F125840E25 /* Pods-IntraChat.debug.xcconfig */ = {isa = PBXFileReference; includeInIndex = 1; lastKnownFileType = text.xcconfig; name = "Pods-IntraChat.debug.xcconfig"; path = "Pods/Target Support Files/Pods-IntraChat/Pods-IntraChat.debug.xcconfig"; sourceTree = "<group>"; };
		BA82AD96B3C1AB72EAD1BC42 /* Pods_IntraChat.framework */ = {isa = PBXFileReference; explicitFileType = wrapper.framework; includeInIndex = 0; path = Pods_IntraChat.framework; sourceTree = BUILT_PRODUCTS_DIR; };
/* End PBXFileReference section */

/* Begin PBXFrameworksBuildPhase section */
		3E3487E51FFFDBD1009ED2E0 /* Frameworks */ = {
			isa = PBXFrameworksBuildPhase;
			buildActionMask = 2147483647;
			files = (
				637E7180BDC86102AE6B222E /* Pods_IntraChat.framework in Frameworks */,
			);
			runOnlyForDeploymentPostprocessing = 0;
		};
/* End PBXFrameworksBuildPhase section */

/* Begin PBXGroup section */
		2E08B8B51409E1EEB6AA174F /* Pods */ = {
			isa = PBXGroup;
			children = (
				B5023256F62985F125840E25 /* Pods-IntraChat.debug.xcconfig */,
				5A083870B1F176C7A0BAAC42 /* Pods-IntraChat.release.xcconfig */,
			);
			name = Pods;
			sourceTree = "<group>";
		};
		3E2090152003BBC10062BA7C /* Create Room */ = {
			isa = PBXGroup;
			children = (
				3E2090162003BBE00062BA7C /* Create Room.storyboard */,
				3E20901F2003D2060062BA7C /* ListUserViewController.swift */,
				848FE20220045F3F0025B982 /* RoomInfoViewController.swift */,
			);
			path = "Create Room";
			sourceTree = "<group>";
		};
		3E3487DF1FFFDBD1009ED2E0 = {
			isa = PBXGroup;
			children = (
				3E3487EA1FFFDBD1009ED2E0 /* IntraChat */,
				3E3487E91FFFDBD1009ED2E0 /* Products */,
				2E08B8B51409E1EEB6AA174F /* Pods */,
				F97BC68FA94894FB96CD72F9 /* Frameworks */,
			);
			sourceTree = "<group>";
		};
		3E3487E91FFFDBD1009ED2E0 /* Products */ = {
			isa = PBXGroup;
			children = (
				3E3487E81FFFDBD1009ED2E0 /* IntraChat.app */,
			);
			name = Products;
			sourceTree = "<group>";
		};
		3E3487EA1FFFDBD1009ED2E0 /* IntraChat */ = {
			isa = PBXGroup;
			children = (
				8451A0D72005E4E20097BED7 /* IntraChat.entitlements */,
				3E6A22E420005D34006A5607 /* Supporting Files */,
				3E6A22E320005D20006A5607 /* App */,
				3E6A22FA2000878E006A5607 /* Components */,
				3E6A22E220005D19006A5607 /* Backend */,
			);
			path = IntraChat;
			sourceTree = "<group>";
		};
		3E6A22E220005D19006A5607 /* Backend */ = {
			isa = PBXGroup;
			children = (
				3EE3D70E2000C33D00D77A8F /* Extension */,
				3E6A22EF200065E4006A5607 /* Model */,
				3EE3D7132000D29A00D77A8F /* FirebaseManager.swift */,
				841F762C200E10D900D5BDAD /* VideoManager.swift */,
				8451A0D52005CDE40097BED7 /* Transform.swift */,
				3E36AEDD2017A7FC0083B45B /* Constant.swift */,
			);
			path = Backend;
			sourceTree = "<group>";
		};
		3E6A22E320005D20006A5607 /* App */ = {
			isa = PBXGroup;
			children = (
				3E2090152003BBC10062BA7C /* Create Room */,
				3EE3D71B20016E8A00D77A8F /* Auth */,
				3E6A22EA200064AA006A5607 /* Profile */,
				3E6A22E520005DE4006A5607 /* Chat */,
				3E3487EF1FFFDBD1009ED2E0 /* Main.storyboard */,
			);
			path = App;
			sourceTree = "<group>";
		};
		3E6A22E420005D34006A5607 /* Supporting Files */ = {
			isa = PBXGroup;
			children = (
				3E3487EB1FFFDBD1009ED2E0 /* AppDelegate.swift */,
				8451A0D82005E5A60097BED7 /* GoogleService-Info.plist */,
				3E3487F21FFFDBD1009ED2E0 /* Assets.xcassets */,
				3E3487F71FFFDBD1009ED2E0 /* Info.plist */,
				3E3487F41FFFDBD1009ED2E0 /* LaunchScreen.storyboard */,
			);
			path = "Supporting Files";
			sourceTree = "<group>";
		};
		3E6A22E520005DE4006A5607 /* Chat */ = {
			isa = PBXGroup;
			children = (
				3E6A22E620005DF0006A5607 /* Chat.storyboard */,
				3E6A22E820005EA4006A5607 /* RoomListViewController.swift */,
				3E6A230020009652006A5607 /* RoomChatViewController.swift */,
				3EDFE003201B5983006215E2 /* RoomDetailViewController.swift */,
				3E46DF04201B497D002962D7 /* RoomInviteUserViewController.swift */,
			);
			path = Chat;
			sourceTree = "<group>";
		};
		3E6A22EA200064AA006A5607 /* Profile */ = {
			isa = PBXGroup;
			children = (
				3E6A22EB200064B4006A5607 /* Profile.storyboard */,
				3E6A22ED200064BD006A5607 /* ProfileViewController.swift */,
			);
			path = Profile;
			sourceTree = "<group>";
		};
		3E6A22EF200065E4006A5607 /* Model */ = {
			isa = PBXGroup;
			children = (
				3E6A22F0200065F0006A5607 /* Room.swift */,
				3E20901D2003CE650062BA7C /* User.swift */,
				8447F73E20061617002B9528 /* Notification.swift */,
				842A229C2004D109008AE4A4 /* Message.swift */,
				3EF838F9200CEDAC008993A4 /* Chat.swift */,
			);
			path = Model;
			sourceTree = "<group>";
		};
		3E6A22FA2000878E006A5607 /* Components */ = {
			isa = PBXGroup;
			children = (
				3EE8EEF6200F7CE7008288B2 /* RoomCell */,
				3EE8EEF5200F7CDA008288B2 /* UserCell */,
				842A22A02004E867008AE4A4 /* NavigationController.swift */,
				3EDA594F20127C1900D0F32B /* LocationViewer.swift */,
				3E987DC8201778030073069E /* UserSectionModel.swift */,
			);
			path = Components;
			sourceTree = "<group>";
		};
		3EE3D70E2000C33D00D77A8F /* Extension */ = {
			isa = PBXGroup;
			children = (
				3EE3D7152000D74200D77A8F /* BaseMappable.swift */,
				3E04E4232026041300804B49 /* UITableViewCell.swift */,
				3E04E425202604A900804B49 /* UICollectionViewCell.swift */,
				3EE3D70F2000C34B00D77A8F /* UIViewController.swift */,
				3EC902602003AC6700BEBA71 /* UIStoryboardSegue.swift */,
				3E2090252003D7EA0062BA7C /* UINavigationController.swift */,
				840E058420074D260084AB6F /* UIImageView.swift */,
				3EF78FEC200A5283008E1AEB /* UIImage.swift */,
				842A229E2004D2EE008AE4A4 /* String.swift */,
			);
			path = Extension;
			sourceTree = "<group>";
		};
		3EE3D71B20016E8A00D77A8F /* Auth */ = {
			isa = PBXGroup;
			children = (
				3EE3D71C20016E9E00D77A8F /* Auth.storyboard */,
				3E24992F2009D1920058639B /* AuthNavigationController.swift */,
				3E1553622002688A007BD985 /* AuthInitialViewController.swift */,
				3E15536420027082007BD985 /* AuthSignInViewController.swift */,
				3E15536620027089007BD985 /* AuthSignUpViewController.swift */,
			);
			path = Auth;
			sourceTree = "<group>";
		};
		3EE8EEF5200F7CDA008288B2 /* UserCell */ = {
			isa = PBXGroup;
			children = (
				3E2090212003D4660062BA7C /* UserCell.swift */,
				3E2090222003D4660062BA7C /* UserCell.xib */,
				3EE98593201321C60013D4F4 /* SelectedUserCell.swift */,
				3EE98594201321C60013D4F4 /* SelectedUserCell.xib */,
			);
			path = UserCell;
			sourceTree = "<group>";
		};
		3EE8EEF6200F7CE7008288B2 /* RoomCell */ = {
			isa = PBXGroup;
			children = (
				3E6A22FC200087BF006A5607 /* RoomCell.swift */,
				3E6A22FD200087BF006A5607 /* RoomCell.xib */,
			);
			path = RoomCell;
			sourceTree = "<group>";
		};
		F97BC68FA94894FB96CD72F9 /* Frameworks */ = {
			isa = PBXGroup;
			children = (
				BA82AD96B3C1AB72EAD1BC42 /* Pods_IntraChat.framework */,
			);
			name = Frameworks;
			sourceTree = "<group>";
		};
/* End PBXGroup section */

/* Begin PBXNativeTarget section */
		3E3487E71FFFDBD1009ED2E0 /* IntraChat */ = {
			isa = PBXNativeTarget;
			buildConfigurationList = 3E3487FA1FFFDBD1009ED2E0 /* Build configuration list for PBXNativeTarget "IntraChat" */;
			buildPhases = (
				9D4D73655DC5C0DA751373F1 /* [CP] Check Pods Manifest.lock */,
				3E3487E41FFFDBD1009ED2E0 /* Sources */,
				3E3487E51FFFDBD1009ED2E0 /* Frameworks */,
				3E3487E61FFFDBD1009ED2E0 /* Resources */,
				EE90292093C060D4E1B50737 /* [CP] Embed Pods Frameworks */,
				DE672E307FEEC7EF35EA666B /* [CP] Copy Pods Resources */,
			);
			buildRules = (
			);
			dependencies = (
			);
			name = IntraChat;
			productName = IntraChat;
			productReference = 3E3487E81FFFDBD1009ED2E0 /* IntraChat.app */;
			productType = "com.apple.product-type.application";
		};
/* End PBXNativeTarget section */

/* Begin PBXProject section */
		3E3487E01FFFDBD1009ED2E0 /* Project object */ = {
			isa = PBXProject;
			attributes = {
				LastSwiftUpdateCheck = 0920;
				LastUpgradeCheck = 0920;
				ORGANIZATIONNAME = Personal;
				TargetAttributes = {
					3E3487E71FFFDBD1009ED2E0 = {
						CreatedOnToolsVersion = 9.2;
						ProvisioningStyle = Automatic;
						SystemCapabilities = {
							com.apple.BackgroundModes = {
								enabled = 1;
							};
							com.apple.Push = {
								enabled = 1;
							};
						};
					};
				};
			};
			buildConfigurationList = 3E3487E31FFFDBD1009ED2E0 /* Build configuration list for PBXProject "IntraChat" */;
			compatibilityVersion = "Xcode 8.0";
			developmentRegion = en;
			hasScannedForEncodings = 0;
			knownRegions = (
				en,
				Base,
			);
			mainGroup = 3E3487DF1FFFDBD1009ED2E0;
			productRefGroup = 3E3487E91FFFDBD1009ED2E0 /* Products */;
			projectDirPath = "";
			projectRoot = "";
			targets = (
				3E3487E71FFFDBD1009ED2E0 /* IntraChat */,
			);
		};
/* End PBXProject section */

/* Begin PBXResourcesBuildPhase section */
		3E3487E61FFFDBD1009ED2E0 /* Resources */ = {
			isa = PBXResourcesBuildPhase;
			buildActionMask = 2147483647;
			files = (
				3EE3D71D20016E9E00D77A8F /* Auth.storyboard in Resources */,
				3E3487F61FFFDBD1009ED2E0 /* LaunchScreen.storyboard in Resources */,
				3E3487F31FFFDBD1009ED2E0 /* Assets.xcassets in Resources */,
				3E6A22FF200087BF006A5607 /* RoomCell.xib in Resources */,
				3E2090242003D4660062BA7C /* UserCell.xib in Resources */,
				3E6A22EC200064B4006A5607 /* Profile.storyboard in Resources */,
				3E3487F11FFFDBD1009ED2E0 /* Main.storyboard in Resources */,
				8451A0D92005E5A60097BED7 /* GoogleService-Info.plist in Resources */,
				3EE98596201321C60013D4F4 /* SelectedUserCell.xib in Resources */,
				3E6A22E720005DF0006A5607 /* Chat.storyboard in Resources */,
				3E2090172003BBE00062BA7C /* Create Room.storyboard in Resources */,
			);
			runOnlyForDeploymentPostprocessing = 0;
		};
/* End PBXResourcesBuildPhase section */

/* Begin PBXShellScriptBuildPhase section */
		9D4D73655DC5C0DA751373F1 /* [CP] Check Pods Manifest.lock */ = {
			isa = PBXShellScriptBuildPhase;
			buildActionMask = 2147483647;
			files = (
			);
			inputPaths = (
				"${PODS_PODFILE_DIR_PATH}/Podfile.lock",
				"${PODS_ROOT}/Manifest.lock",
			);
			name = "[CP] Check Pods Manifest.lock";
			outputPaths = (
				"$(DERIVED_FILE_DIR)/Pods-IntraChat-checkManifestLockResult.txt",
			);
			runOnlyForDeploymentPostprocessing = 0;
			shellPath = /bin/sh;
			shellScript = "diff \"${PODS_PODFILE_DIR_PATH}/Podfile.lock\" \"${PODS_ROOT}/Manifest.lock\" > /dev/null\nif [ $? != 0 ] ; then\n    # print error to STDERR\n    echo \"error: The sandbox is not in sync with the Podfile.lock. Run 'pod install' or update your CocoaPods installation.\" >&2\n    exit 1\nfi\n# This output is used by Xcode 'outputs' to avoid re-running this script phase.\necho \"SUCCESS\" > \"${SCRIPT_OUTPUT_FILE_0}\"\n";
			showEnvVarsInLog = 0;
		};
		DE672E307FEEC7EF35EA666B /* [CP] Copy Pods Resources */ = {
			isa = PBXShellScriptBuildPhase;
			buildActionMask = 2147483647;
			files = (
			);
			inputPaths = (
			);
			name = "[CP] Copy Pods Resources";
			outputPaths = (
			);
			runOnlyForDeploymentPostprocessing = 0;
			shellPath = /bin/sh;
			shellScript = "\"${SRCROOT}/Pods/Target Support Files/Pods-IntraChat/Pods-IntraChat-resources.sh\"\n";
			showEnvVarsInLog = 0;
		};
		EE90292093C060D4E1B50737 /* [CP] Embed Pods Frameworks */ = {
			isa = PBXShellScriptBuildPhase;
			buildActionMask = 2147483647;
			files = (
			);
			inputPaths = (
				"${SRCROOT}/Pods/Target Support Files/Pods-IntraChat/Pods-IntraChat-frameworks.sh",
				"${BUILT_PRODUCTS_DIR}/Alamofire/Alamofire.framework",
				"${BUILT_PRODUCTS_DIR}/AlamofireImage/AlamofireImage.framework",
				"${BUILT_PRODUCTS_DIR}/Cache/Cache.framework",
				"${BUILT_PRODUCTS_DIR}/Differentiator/Differentiator.framework",
				"${BUILT_PRODUCTS_DIR}/EZSwiftExtensions/EZSwiftExtensions.framework",
				"${BUILT_PRODUCTS_DIR}/Eureka/Eureka.framework",
				"${BUILT_PRODUCTS_DIR}/FileBrowser/FileBrowser.framework",
				"${BUILT_PRODUCTS_DIR}/GTMSessionFetcher/GTMSessionFetcher.framework",
				"${BUILT_PRODUCTS_DIR}/Gallery/Gallery.framework",
				"${BUILT_PRODUCTS_DIR}/GoogleToolboxForMac/GoogleToolboxForMac.framework",
				"${BUILT_PRODUCTS_DIR}/Hero/Hero.framework",
				"${BUILT_PRODUCTS_DIR}/Hue/Hue.framework",
				"${BUILT_PRODUCTS_DIR}/IQKeyboardManager/IQKeyboardManager.framework",
				"${BUILT_PRODUCTS_DIR}/Imaginary/Imaginary.framework",
				"${BUILT_PRODUCTS_DIR}/Lightbox/Lightbox.framework",
				"${BUILT_PRODUCTS_DIR}/LocationPicker/LocationPicker.framework",
				"${BUILT_PRODUCTS_DIR}/LocationViewer/LocationViewer.framework",
				"${BUILT_PRODUCTS_DIR}/MessageKit/MessageKit.framework",
				"${BUILT_PRODUCTS_DIR}/ObjectMapper/ObjectMapper.framework",
				"${BUILT_PRODUCTS_DIR}/Protobuf/Protobuf.framework",
				"${BUILT_PRODUCTS_DIR}/PusherChatkit/PusherChatkit.framework",
				"${BUILT_PRODUCTS_DIR}/PusherPlatform/PusherPlatform.framework",
				"${BUILT_PRODUCTS_DIR}/RPCircularProgress/RPCircularProgress.framework",
				"${BUILT_PRODUCTS_DIR}/Realm/Realm.framework",
				"${BUILT_PRODUCTS_DIR}/RealmSwift/RealmSwift.framework",
				"${BUILT_PRODUCTS_DIR}/RxCocoa/RxCocoa.framework",
				"${BUILT_PRODUCTS_DIR}/RxDataSources/RxDataSources.framework",
				"${BUILT_PRODUCTS_DIR}/RxRealm/RxRealm.framework",
				"${BUILT_PRODUCTS_DIR}/RxSwift/RxSwift.framework",
				"${BUILT_PRODUCTS_DIR}/TOCropViewController/TOCropViewController.framework",
				"${BUILT_PRODUCTS_DIR}/ViewRow/ViewRow.framework",
				"${BUILT_PRODUCTS_DIR}/leveldb-library/leveldb.framework",
				"${BUILT_PRODUCTS_DIR}/nanopb/nanopb.framework",
			);
			name = "[CP] Embed Pods Frameworks";
			outputPaths = (
				"${TARGET_BUILD_DIR}/${FRAMEWORKS_FOLDER_PATH}/Alamofire.framework",
				"${TARGET_BUILD_DIR}/${FRAMEWORKS_FOLDER_PATH}/AlamofireImage.framework",
				"${TARGET_BUILD_DIR}/${FRAMEWORKS_FOLDER_PATH}/Cache.framework",
				"${TARGET_BUILD_DIR}/${FRAMEWORKS_FOLDER_PATH}/Differentiator.framework",
				"${TARGET_BUILD_DIR}/${FRAMEWORKS_FOLDER_PATH}/EZSwiftExtensions.framework",
				"${TARGET_BUILD_DIR}/${FRAMEWORKS_FOLDER_PATH}/Eureka.framework",
				"${TARGET_BUILD_DIR}/${FRAMEWORKS_FOLDER_PATH}/FileBrowser.framework",
				"${TARGET_BUILD_DIR}/${FRAMEWORKS_FOLDER_PATH}/GTMSessionFetcher.framework",
				"${TARGET_BUILD_DIR}/${FRAMEWORKS_FOLDER_PATH}/Gallery.framework",
				"${TARGET_BUILD_DIR}/${FRAMEWORKS_FOLDER_PATH}/GoogleToolboxForMac.framework",
				"${TARGET_BUILD_DIR}/${FRAMEWORKS_FOLDER_PATH}/Hero.framework",
				"${TARGET_BUILD_DIR}/${FRAMEWORKS_FOLDER_PATH}/Hue.framework",
				"${TARGET_BUILD_DIR}/${FRAMEWORKS_FOLDER_PATH}/IQKeyboardManager.framework",
				"${TARGET_BUILD_DIR}/${FRAMEWORKS_FOLDER_PATH}/Imaginary.framework",
				"${TARGET_BUILD_DIR}/${FRAMEWORKS_FOLDER_PATH}/Lightbox.framework",
				"${TARGET_BUILD_DIR}/${FRAMEWORKS_FOLDER_PATH}/LocationPicker.framework",
				"${TARGET_BUILD_DIR}/${FRAMEWORKS_FOLDER_PATH}/LocationViewer.framework",
				"${TARGET_BUILD_DIR}/${FRAMEWORKS_FOLDER_PATH}/MessageKit.framework",
				"${TARGET_BUILD_DIR}/${FRAMEWORKS_FOLDER_PATH}/ObjectMapper.framework",
				"${TARGET_BUILD_DIR}/${FRAMEWORKS_FOLDER_PATH}/Protobuf.framework",
				"${TARGET_BUILD_DIR}/${FRAMEWORKS_FOLDER_PATH}/PusherChatkit.framework",
				"${TARGET_BUILD_DIR}/${FRAMEWORKS_FOLDER_PATH}/PusherPlatform.framework",
				"${TARGET_BUILD_DIR}/${FRAMEWORKS_FOLDER_PATH}/RPCircularProgress.framework",
				"${TARGET_BUILD_DIR}/${FRAMEWORKS_FOLDER_PATH}/Realm.framework",
				"${TARGET_BUILD_DIR}/${FRAMEWORKS_FOLDER_PATH}/RealmSwift.framework",
				"${TARGET_BUILD_DIR}/${FRAMEWORKS_FOLDER_PATH}/RxCocoa.framework",
				"${TARGET_BUILD_DIR}/${FRAMEWORKS_FOLDER_PATH}/RxDataSources.framework",
				"${TARGET_BUILD_DIR}/${FRAMEWORKS_FOLDER_PATH}/RxRealm.framework",
				"${TARGET_BUILD_DIR}/${FRAMEWORKS_FOLDER_PATH}/RxSwift.framework",
				"${TARGET_BUILD_DIR}/${FRAMEWORKS_FOLDER_PATH}/TOCropViewController.framework",
				"${TARGET_BUILD_DIR}/${FRAMEWORKS_FOLDER_PATH}/ViewRow.framework",
				"${TARGET_BUILD_DIR}/${FRAMEWORKS_FOLDER_PATH}/leveldb.framework",
				"${TARGET_BUILD_DIR}/${FRAMEWORKS_FOLDER_PATH}/nanopb.framework",
			);
			runOnlyForDeploymentPostprocessing = 0;
			shellPath = /bin/sh;
			shellScript = "\"${SRCROOT}/Pods/Target Support Files/Pods-IntraChat/Pods-IntraChat-frameworks.sh\"\n";
			showEnvVarsInLog = 0;
		};
/* End PBXShellScriptBuildPhase section */

/* Begin PBXSourcesBuildPhase section */
		3E3487E41FFFDBD1009ED2E0 /* Sources */ = {
			isa = PBXSourcesBuildPhase;
			buildActionMask = 2147483647;
			files = (
				3E3487EC1FFFDBD1009ED2E0 /* AppDelegate.swift in Sources */,
				3EDFE004201B5983006215E2 /* RoomDetailViewController.swift in Sources */,
				3E987DC9201778030073069E /* UserSectionModel.swift in Sources */,
				842A22A12004E867008AE4A4 /* NavigationController.swift in Sources */,
				3EDA595020127C1900D0F32B /* LocationViewer.swift in Sources */,
				3E04E4242026041300804B49 /* UITableViewCell.swift in Sources */,
				3E2090262003D7EA0062BA7C /* UINavigationController.swift in Sources */,
				841F762D200E10D900D5BDAD /* VideoManager.swift in Sources */,
				3E2499302009D1920058639B /* AuthNavigationController.swift in Sources */,
				842A229F2004D2EE008AE4A4 /* String.swift in Sources */,
				3EF78FED200A5283008E1AEB /* UIImage.swift in Sources */,
				3E6A22E920005EA4006A5607 /* RoomListViewController.swift in Sources */,
				3EE98595201321C60013D4F4 /* SelectedUserCell.swift in Sources */,
				3EC902612003AC6700BEBA71 /* UIStoryboardSegue.swift in Sources */,
				3E04E426202604A900804B49 /* UICollectionViewCell.swift in Sources */,
				3E6A230120009652006A5607 /* RoomChatViewController.swift in Sources */,
				3E46DF05201B497D002962D7 /* RoomInviteUserViewController.swift in Sources */,
				3E6A22F1200065F0006A5607 /* Room.swift in Sources */,
				3E2090232003D4660062BA7C /* UserCell.swift in Sources */,
				3E15536720027089007BD985 /* AuthSignUpViewController.swift in Sources */,
				3E20901E2003CE650062BA7C /* User.swift in Sources */,
				3EE3D7142000D29A00D77A8F /* FirebaseManager.swift in Sources */,
				3E1553632002688A007BD985 /* AuthInitialViewController.swift in Sources */,
				3E36AEDE2017A7FC0083B45B /* Constant.swift in Sources */,
				3EE3D7162000D74200D77A8F /* BaseMappable.swift in Sources */,
				840E058520074D260084AB6F /* UIImageView.swift in Sources */,
				3E6A22EE200064BD006A5607 /* ProfileViewController.swift in Sources */,
				3E6A22FE200087BF006A5607 /* RoomCell.swift in Sources */,
				8451A0D62005CDE40097BED7 /* Transform.swift in Sources */,
				3E15536520027082007BD985 /* AuthSignInViewController.swift in Sources */,
				842A229D2004D109008AE4A4 /* Message.swift in Sources */,
				3EF838FA200CEDAC008993A4 /* Chat.swift in Sources */,
				8447F73F20061617002B9528 /* Notification.swift in Sources */,
				3EE3D7102000C34B00D77A8F /* UIViewController.swift in Sources */,
				3E2090202003D2060062BA7C /* ListUserViewController.swift in Sources */,
				848FE20320045F3F0025B982 /* RoomInfoViewController.swift in Sources */,
			);
			runOnlyForDeploymentPostprocessing = 0;
		};
/* End PBXSourcesBuildPhase section */

/* Begin PBXVariantGroup section */
		3E3487EF1FFFDBD1009ED2E0 /* Main.storyboard */ = {
			isa = PBXVariantGroup;
			children = (
				3E3487F01FFFDBD1009ED2E0 /* Base */,
			);
			name = Main.storyboard;
			sourceTree = "<group>";
		};
		3E3487F41FFFDBD1009ED2E0 /* LaunchScreen.storyboard */ = {
			isa = PBXVariantGroup;
			children = (
				3E3487F51FFFDBD1009ED2E0 /* Base */,
			);
			name = LaunchScreen.storyboard;
			sourceTree = "<group>";
		};
/* End PBXVariantGroup section */

/* Begin XCBuildConfiguration section */
		3E3487F81FFFDBD1009ED2E0 /* Debug */ = {
			isa = XCBuildConfiguration;
			buildSettings = {
				ALWAYS_SEARCH_USER_PATHS = NO;
				CLANG_ANALYZER_NONNULL = YES;
				CLANG_ANALYZER_NUMBER_OBJECT_CONVERSION = YES_AGGRESSIVE;
				CLANG_CXX_LANGUAGE_STANDARD = "gnu++14";
				CLANG_CXX_LIBRARY = "libc++";
				CLANG_ENABLE_MODULES = YES;
				CLANG_ENABLE_OBJC_ARC = YES;
				CLANG_WARN_BLOCK_CAPTURE_AUTORELEASING = YES;
				CLANG_WARN_BOOL_CONVERSION = YES;
				CLANG_WARN_COMMA = YES;
				CLANG_WARN_CONSTANT_CONVERSION = YES;
				CLANG_WARN_DIRECT_OBJC_ISA_USAGE = YES_ERROR;
				CLANG_WARN_DOCUMENTATION_COMMENTS = YES;
				CLANG_WARN_EMPTY_BODY = YES;
				CLANG_WARN_ENUM_CONVERSION = YES;
				CLANG_WARN_INFINITE_RECURSION = YES;
				CLANG_WARN_INT_CONVERSION = YES;
				CLANG_WARN_NON_LITERAL_NULL_CONVERSION = YES;
				CLANG_WARN_OBJC_LITERAL_CONVERSION = YES;
				CLANG_WARN_OBJC_ROOT_CLASS = YES_ERROR;
				CLANG_WARN_RANGE_LOOP_ANALYSIS = YES;
				CLANG_WARN_STRICT_PROTOTYPES = YES;
				CLANG_WARN_SUSPICIOUS_MOVE = YES;
				CLANG_WARN_UNGUARDED_AVAILABILITY = YES_AGGRESSIVE;
				CLANG_WARN_UNREACHABLE_CODE = YES;
				CLANG_WARN__DUPLICATE_METHOD_MATCH = YES;
				CODE_SIGN_IDENTITY = "iPhone Developer";
				COPY_PHASE_STRIP = NO;
				DEBUG_INFORMATION_FORMAT = dwarf;
				ENABLE_STRICT_OBJC_MSGSEND = YES;
				ENABLE_TESTABILITY = YES;
				GCC_C_LANGUAGE_STANDARD = gnu11;
				GCC_DYNAMIC_NO_PIC = NO;
				GCC_NO_COMMON_BLOCKS = YES;
				GCC_OPTIMIZATION_LEVEL = 0;
				GCC_PREPROCESSOR_DEFINITIONS = (
					"DEBUG=1",
					"$(inherited)",
				);
				GCC_WARN_64_TO_32_BIT_CONVERSION = YES;
				GCC_WARN_ABOUT_RETURN_TYPE = YES_ERROR;
				GCC_WARN_UNDECLARED_SELECTOR = YES;
				GCC_WARN_UNINITIALIZED_AUTOS = YES_AGGRESSIVE;
				GCC_WARN_UNUSED_FUNCTION = YES;
				GCC_WARN_UNUSED_VARIABLE = YES;
				IPHONEOS_DEPLOYMENT_TARGET = 11.2;
				MTL_ENABLE_DEBUG_INFO = YES;
				ONLY_ACTIVE_ARCH = YES;
				SDKROOT = iphoneos;
				SWIFT_ACTIVE_COMPILATION_CONDITIONS = DEBUG;
				SWIFT_OPTIMIZATION_LEVEL = "-Onone";
			};
			name = Debug;
		};
		3E3487F91FFFDBD1009ED2E0 /* Release */ = {
			isa = XCBuildConfiguration;
			buildSettings = {
				ALWAYS_SEARCH_USER_PATHS = NO;
				CLANG_ANALYZER_NONNULL = YES;
				CLANG_ANALYZER_NUMBER_OBJECT_CONVERSION = YES_AGGRESSIVE;
				CLANG_CXX_LANGUAGE_STANDARD = "gnu++14";
				CLANG_CXX_LIBRARY = "libc++";
				CLANG_ENABLE_MODULES = YES;
				CLANG_ENABLE_OBJC_ARC = YES;
				CLANG_WARN_BLOCK_CAPTURE_AUTORELEASING = YES;
				CLANG_WARN_BOOL_CONVERSION = YES;
				CLANG_WARN_COMMA = YES;
				CLANG_WARN_CONSTANT_CONVERSION = YES;
				CLANG_WARN_DIRECT_OBJC_ISA_USAGE = YES_ERROR;
				CLANG_WARN_DOCUMENTATION_COMMENTS = YES;
				CLANG_WARN_EMPTY_BODY = YES;
				CLANG_WARN_ENUM_CONVERSION = YES;
				CLANG_WARN_INFINITE_RECURSION = YES;
				CLANG_WARN_INT_CONVERSION = YES;
				CLANG_WARN_NON_LITERAL_NULL_CONVERSION = YES;
				CLANG_WARN_OBJC_LITERAL_CONVERSION = YES;
				CLANG_WARN_OBJC_ROOT_CLASS = YES_ERROR;
				CLANG_WARN_RANGE_LOOP_ANALYSIS = YES;
				CLANG_WARN_STRICT_PROTOTYPES = YES;
				CLANG_WARN_SUSPICIOUS_MOVE = YES;
				CLANG_WARN_UNGUARDED_AVAILABILITY = YES_AGGRESSIVE;
				CLANG_WARN_UNREACHABLE_CODE = YES;
				CLANG_WARN__DUPLICATE_METHOD_MATCH = YES;
				CODE_SIGN_IDENTITY = "iPhone Developer";
				COPY_PHASE_STRIP = NO;
				DEBUG_INFORMATION_FORMAT = "dwarf-with-dsym";
				ENABLE_NS_ASSERTIONS = NO;
				ENABLE_STRICT_OBJC_MSGSEND = YES;
				GCC_C_LANGUAGE_STANDARD = gnu11;
				GCC_NO_COMMON_BLOCKS = YES;
				GCC_WARN_64_TO_32_BIT_CONVERSION = YES;
				GCC_WARN_ABOUT_RETURN_TYPE = YES_ERROR;
				GCC_WARN_UNDECLARED_SELECTOR = YES;
				GCC_WARN_UNINITIALIZED_AUTOS = YES_AGGRESSIVE;
				GCC_WARN_UNUSED_FUNCTION = YES;
				GCC_WARN_UNUSED_VARIABLE = YES;
				IPHONEOS_DEPLOYMENT_TARGET = 11.2;
				MTL_ENABLE_DEBUG_INFO = NO;
				SDKROOT = iphoneos;
				SWIFT_OPTIMIZATION_LEVEL = "-Owholemodule";
				VALIDATE_PRODUCT = YES;
			};
			name = Release;
		};
		3E3487FB1FFFDBD1009ED2E0 /* Debug */ = {
			isa = XCBuildConfiguration;
			baseConfigurationReference = B5023256F62985F125840E25 /* Pods-IntraChat.debug.xcconfig */;
			buildSettings = {
				ASSETCATALOG_COMPILER_APPICON_NAME = AppIcon;
				CODE_SIGN_ENTITLEMENTS = IntraChat/IntraChat.entitlements;
				CODE_SIGN_STYLE = Automatic;
				DEVELOPMENT_TEAM = U6K5WUTV76;
				INFOPLIST_FILE = "$(SRCROOT)/IntraChat/Supporting Files/Info.plist";
				IPHONEOS_DEPLOYMENT_TARGET = 9.0;
				LD_RUNPATH_SEARCH_PATHS = "$(inherited) @executable_path/Frameworks";
				PRODUCT_BUNDLE_IDENTIFIER = kronus.indonesia.IntraChat;
				PRODUCT_NAME = "$(TARGET_NAME)";
				SWIFT_VERSION = 4.0;
				TARGETED_DEVICE_FAMILY = "1,2";
			};
			name = Debug;
		};
		3E3487FC1FFFDBD1009ED2E0 /* Release */ = {
			isa = XCBuildConfiguration;
			baseConfigurationReference = 5A083870B1F176C7A0BAAC42 /* Pods-IntraChat.release.xcconfig */;
			buildSettings = {
				ASSETCATALOG_COMPILER_APPICON_NAME = AppIcon;
				CODE_SIGN_ENTITLEMENTS = IntraChat/IntraChat.entitlements;
				CODE_SIGN_STYLE = Automatic;
				DEVELOPMENT_TEAM = U6K5WUTV76;
				INFOPLIST_FILE = "$(SRCROOT)/IntraChat/Supporting Files/Info.plist";
				IPHONEOS_DEPLOYMENT_TARGET = 9.0;
				LD_RUNPATH_SEARCH_PATHS = "$(inherited) @executable_path/Frameworks";
				PRODUCT_BUNDLE_IDENTIFIER = kronus.indonesia.IntraChat;
				PRODUCT_NAME = "$(TARGET_NAME)";
				SWIFT_VERSION = 4.0;
				TARGETED_DEVICE_FAMILY = "1,2";
			};
			name = Release;
		};
/* End XCBuildConfiguration section */

/* Begin XCConfigurationList section */
		3E3487E31FFFDBD1009ED2E0 /* Build configuration list for PBXProject "IntraChat" */ = {
			isa = XCConfigurationList;
			buildConfigurations = (
				3E3487F81FFFDBD1009ED2E0 /* Debug */,
				3E3487F91FFFDBD1009ED2E0 /* Release */,
			);
			defaultConfigurationIsVisible = 0;
			defaultConfigurationName = Release;
		};
		3E3487FA1FFFDBD1009ED2E0 /* Build configuration list for PBXNativeTarget "IntraChat" */ = {
			isa = XCConfigurationList;
			buildConfigurations = (
				3E3487FB1FFFDBD1009ED2E0 /* Debug */,
				3E3487FC1FFFDBD1009ED2E0 /* Release */,
			);
			defaultConfigurationIsVisible = 0;
			defaultConfigurationName = Release;
		};
/* End XCConfigurationList section */
	};
	rootObject = 3E3487E01FFFDBD1009ED2E0 /* Project object */;
}
