PODS:
  - Alamofire (4.6.0)
  - AlamofireImage (3.3.0):
    - Alamofire (~> 4.5)
  - Cache (4.1.2)
  - Disk (0.3.3)
  - Eureka (4.0.1)
  - EZSwiftExtensions (1.11)
  - Firebase/Auth (4.8.0):
    - Firebase/Core
    - FirebaseAuth (= 4.4.1)
  - Firebase/Core (4.8.0):
    - FirebaseAnalytics (= 4.0.5)
    - FirebaseCore (= 4.0.13)
  - Firebase/Database (4.8.0):
    - Firebase/Core
    - FirebaseDatabase (= 4.1.3)
  - Firebase/Messaging (4.8.0):
    - Firebase/Core
    - FirebaseMessaging (= 2.0.8)
  - Firebase/Storage (4.8.0):
    - Firebase/Core
    - FirebaseStorage (= 2.1.1)
  - FirebaseAnalytics (4.0.5):
    - FirebaseCore (~> 4.0)
    - FirebaseInstanceID (~> 2.0)
    - GoogleToolboxForMac/NSData+zlib (~> 2.1)
    - nanopb (~> 0.3)
  - FirebaseAuth (4.4.1):
    - FirebaseAnalytics (~> 4.0)
    - GoogleToolboxForMac/NSDictionary+URLArguments (~> 2.1)
    - GTMSessionFetcher/Core (~> 1.1)
  - FirebaseCore (4.0.13):
    - GoogleToolboxForMac/NSData+zlib (~> 2.1)
  - FirebaseDatabase (4.1.3):
    - FirebaseAnalytics (~> 4.0)
    - FirebaseCore (~> 4.0)
    - leveldb-library (~> 1.18)
  - FirebaseInstanceID (2.0.8):
    - FirebaseCore (~> 4.0)
  - FirebaseMessaging (2.0.8):
    - FirebaseAnalytics (~> 4.0)
    - FirebaseCore (~> 4.0)
    - FirebaseInstanceID (~> 2.0)
    - GoogleToolboxForMac/Logger (~> 2.1)
    - Protobuf (~> 3.1)
  - FirebaseStorage (2.1.1):
    - FirebaseAnalytics (~> 4.0)
    - FirebaseCore (~> 4.0)
    - GTMSessionFetcher/Core (~> 1.1)
  - GoogleToolboxForMac/DebugUtils (2.1.3):
    - GoogleToolboxForMac/Defines (= 2.1.3)
  - GoogleToolboxForMac/Defines (2.1.3)
  - GoogleToolboxForMac/Logger (2.1.3):
    - GoogleToolboxForMac/Defines (= 2.1.3)
  - GoogleToolboxForMac/NSData+zlib (2.1.3):
    - GoogleToolboxForMac/Defines (= 2.1.3)
  - GoogleToolboxForMac/NSDictionary+URLArguments (2.1.3):
    - GoogleToolboxForMac/DebugUtils (= 2.1.3)
    - GoogleToolboxForMac/Defines (= 2.1.3)
    - GoogleToolboxForMac/NSString+URLArguments (= 2.1.3)
  - GoogleToolboxForMac/NSString+URLArguments (2.1.3)
  - GTMSessionFetcher/Core (1.1.12)
  - Hue (3.0.1)
  - ImagePicker (3.0.0)
  - Imaginary (3.0.2):
    - Cache (~> 4.0)
  - IQKeyboardManager (5.0.7)
  - leveldb-library (1.20)
  - Lightbox (2.1.1):
    - Hue (~> 3.0)
    - Imaginary (~> 3.0)
  - MenuItemKit (3.0.0)
  - MessageKit (0.12.0)
  - nanopb (0.3.8):
    - nanopb/decode (= 0.3.8)
    - nanopb/encode (= 0.3.8)
  - nanopb/decode (0.3.8)
  - nanopb/encode (0.3.8)
  - ObjectMapper (3.1.0)
  - Protobuf (3.5.0)
  - PusherChatkit (0.3.0):
    - PusherPlatform (~> 0.1.23)
  - PusherPlatform (0.1.30)
  - Realm (3.0.2):
    - Realm/Headers (= 3.0.2)
  - Realm/Headers (3.0.2)
  - RealmSwift (3.0.2):
    - Realm (= 3.0.2)
  - RPCircularProgress (0.4.0)
  - RxCocoa (4.0.0):
    - RxSwift (~> 4.0)
  - RxRealm (0.7.5):
    - RealmSwift (~> 3.0)
    - RxSwift (~> 4.0)
  - RxSwift (4.0.0)
  - TOCropViewController (2.3.5)
  - ViewRow (0.2.0):
    - Eureka (>= 4.0.0)

DEPENDENCIES:
  - AlamofireImage
  - Disk
  - Eureka
  - EZSwiftExtensions
  - Firebase/Auth
  - Firebase/Core
  - Firebase/Database
  - Firebase/Messaging
  - Firebase/Storage
  - ImagePicker
  - IQKeyboardManager
  - Lightbox
  - MenuItemKit
  - MessageKit
  - ObjectMapper
  - PusherChatkit
  - RPCircularProgress
  - RxCocoa
  - RxRealm
  - RxSwift
  - TOCropViewController
  - ViewRow (from `https://github.com/EurekaCommunity/ViewRow`)

EXTERNAL SOURCES:
  ViewRow:
    :git: https://github.com/EurekaCommunity/ViewRow

CHECKOUT OPTIONS:
  ViewRow:
    :commit: 9f62ebe51a8885137533db5776103f644296b09b
    :git: https://github.com/EurekaCommunity/ViewRow

SPEC CHECKSUMS:
  Alamofire: f41a599bd63041760b26d393ec1069d9d7b917f4
  AlamofireImage: 2e784dc5d00f04903a52c1d169181469c805c3df
  Cache: bd0233fc688b5e83a27bcd87807db7e6f23adcc5
  Disk: d1f55cd61f6ca20f368232d0c6e37e3c3dfcb63e
  Eureka: c8bd5cc07143b6f66268c208d28a246c99b41955
  EZSwiftExtensions: 84000042202d9fd574f626cda3064143f27fa767
  Firebase: 710decbbc6d9d48530e9a5dba3209740c3532e05
  FirebaseAnalytics: 5b02a63ead2c3f0259cfc7f15e053e440587ecf8
  FirebaseAuth: dc0dd403beca5b2b016aac89c2d0b8dad1c81926
  FirebaseCore: 3c02ec652db3d03fdc8bc6d9154af3e20d64b6f5
  FirebaseDatabase: 7088bfc4af2cc00231bb36e1404fc2d7509eb4dc
  FirebaseInstanceID: 81df5805a08001e69138664bdd02c6719a9ac80f
  FirebaseMessaging: dfdcd307c2382290a1e297a81d0f18370f5b1bcd
  FirebaseStorage: ab08d1c93a2feffa038fdd6693088b310ab1e6c6
  GoogleToolboxForMac: 2501e2ad72a52eb3dfe7bd9aee7dad11b858bd20
  GTMSessionFetcher: ebaa1f79a5366922c1735f1566901f50beba23b7
  Hue: 93e852fa6211ab35922ad8c293f51c43d6c79eb2
  ImagePicker: 973953c25960fe04729a7082a56194321c6762d2
  Imaginary: d675200546110e305d6a26db6267c0622ffe5e6b
  IQKeyboardManager: 0bfa4607d39924116b5c0c8b55b5d789288b5cba
  leveldb-library: 08cba283675b7ed2d99629a4bc5fd052cd2bb6a5
  Lightbox: 30dc3540527e03194a10ee51be8ad5e039a1893f
  MenuItemKit: d9b539b28fdbbd7980d6f3668b9cd6daefeabd9b
  MessageKit: 9455b04be28eb7c50a00962e6168672cd3d403ae
  nanopb: 5601e6bca2dbf1ed831b519092ec110f66982ca3
  ObjectMapper: 20505058f54e5c3ca69e1d6de9897d152a5369a6
  Protobuf: 8a9838fba8dae3389230e1b7f8c104aa32389c03
  PusherChatkit: 53d6b4f413f15d95421c9a215875fb647358ac7a
  PusherPlatform: d9abd46caac2d49c797bd18d9e34c36f2000364b
  Realm: 6f23fd1f178a09342eac21bfa7c2bf4312a7a180
  RealmSwift: 695393add1b8f9d5fa75dd16e6355cf3935f71e2
  RPCircularProgress: fdbf7c5b54156980cdd35c6cc8a87d6468c6c829
  RxCocoa: d62846ca96495d862fa4c59ea7d87e5031d7340e
  RxRealm: a6c6c0a07cb61f34209969ca6657734edfdfff30
  RxSwift: fd680d75283beb5e2559486f3c0ff852f0d35334
  TOCropViewController: a21b39c910d161600a26b6e3f89a58707afaa4f8
  ViewRow: 14475b337be9748b12a6df33d0a160bd5bd7765c

PODFILE CHECKSUM: 0cf8301d6bcb322ea6b19db20b99a59db1a280d3

COCOAPODS: 1.3.1
